
Microsoft Visual Studio Solution File, Format Version 12.00
# Visual Studio 2013
VisualStudioVersion = 12.0.40629.0
MinimumVisualStudioVersion = 10.0.40219.1
Project("{8BC9CEB8-8B4A-11D0-8D11-00A0C91BC942}") = "Library", "..\proj\Library\Library.vcxproj", "{F1462E4E-01F1-4CD7-8862-F8975B146A80}"
EndProject
Project("{8BC9CEB8-8B4A-11D0-8D11-00A0C91BC942}") = "PreBuild", "..\proj\PreBuild\PreBuild.vcxproj", "{BFF341B7-7FAE-44C5-A9B4-D23F5369A489}"
EndProject
Project("{8BC9CEB8-8B4A-11D0-8D11-00A0C91BC942}") = "ConsoleApp", "..\proj\ConsoleApp\ConsoleApp.vcxproj", "{53399D2C-9027-46DD-AE9E-80E4646583CF}"
EndProject
Project("{2150E333-8FDC-42A3-9474-1A3956D46DE8}") = "Dependencies", "Dependencies", "{47058B3A-D6BC-4720-9B89-B8B55AC0E16F}"
EndProject
Project("{8BC9CEB8-8B4A-11D0-8D11-00A0C91BC942}") = "LibLBFGS", "..\src\Dependencies\LibLBFGS\lib\lib.vcxproj", "{C4405B73-A899-44BF-8681-04CE040B6705}"
EndProject
Project("{8BC9CEB8-8B4A-11D0-8D11-00A0C91BC942}") = "DataSets", "..\proj\DataSets\DataSets.vcxproj", "{0BD59600-E60F-414F-99F9-DBFE3DDA52F0}"
EndProject
Global
	GlobalSection(SolutionConfigurationPlatforms) = preSolution
		Debug|Win32 = Debug|Win32
		Debug|x64 = Debug|x64
		Release|Win32 = Release|Win32
		Release|x64 = Release|x64
	EndGlobalSection
	GlobalSection(ProjectConfigurationPlatforms) = postSolution
		{F1462E4E-01F1-4CD7-8862-F8975B146A80}.Debug|Win32.ActiveCfg = Debug|Win32
		{F1462E4E-01F1-4CD7-8862-F8975B146A80}.Debug|Win32.Build.0 = Debug|Win32
		{F1462E4E-01F1-4CD7-8862-F8975B146A80}.Debug|x64.ActiveCfg = Debug|x64
		{F1462E4E-01F1-4CD7-8862-F8975B146A80}.Debug|x64.Build.0 = Debug|x64
		{F1462E4E-01F1-4CD7-8862-F8975B146A80}.Release|Win32.ActiveCfg = Release|Win32
		{F1462E4E-01F1-4CD7-8862-F8975B146A80}.Release|Win32.Build.0 = Release|Win32
		{F1462E4E-01F1-4CD7-8862-F8975B146A80}.Release|x64.ActiveCfg = Release|x64
		{F1462E4E-01F1-4CD7-8862-F8975B146A80}.Release|x64.Build.0 = Release|x64
		{BFF341B7-7FAE-44C5-A9B4-D23F5369A489}.Debug|Win32.ActiveCfg = Debug|Win32
		{BFF341B7-7FAE-44C5-A9B4-D23F5369A489}.Debug|Win32.Build.0 = Debug|Win32
		{BFF341B7-7FAE-44C5-A9B4-D23F5369A489}.Debug|x64.ActiveCfg = Debug|x64
		{BFF341B7-7FAE-44C5-A9B4-D23F5369A489}.Debug|x64.Build.0 = Debug|x64
		{BFF341B7-7FAE-44C5-A9B4-D23F5369A489}.Release|Win32.ActiveCfg = Release|Win32
		{BFF341B7-7FAE-44C5-A9B4-D23F5369A489}.Release|Win32.Build.0 = Release|Win32
		{BFF341B7-7FAE-44C5-A9B4-D23F5369A489}.Release|x64.ActiveCfg = Release|x64
		{BFF341B7-7FAE-44C5-A9B4-D23F5369A489}.Release|x64.Build.0 = Release|x64
		{53399D2C-9027-46DD-AE9E-80E4646583CF}.Debug|Win32.ActiveCfg = Debug|Win32
		{53399D2C-9027-46DD-AE9E-80E4646583CF}.Debug|Win32.Build.0 = Debug|Win32
		{53399D2C-9027-46DD-AE9E-80E4646583CF}.Debug|x64.ActiveCfg = Debug|x64
		{53399D2C-9027-46DD-AE9E-80E4646583CF}.Debug|x64.Build.0 = Debug|x64
		{53399D2C-9027-46DD-AE9E-80E4646583CF}.Release|Win32.ActiveCfg = Release|Win32
		{53399D2C-9027-46DD-AE9E-80E4646583CF}.Release|Win32.Build.0 = Release|Win32
		{53399D2C-9027-46DD-AE9E-80E4646583CF}.Release|x64.ActiveCfg = Release|Win32
		{C4405B73-A899-44BF-8681-04CE040B6705}.Debug|Win32.ActiveCfg = Debug|Win32
		{C4405B73-A899-44BF-8681-04CE040B6705}.Debug|Win32.Build.0 = Debug|Win32
		{C4405B73-A899-44BF-8681-04CE040B6705}.Debug|x64.ActiveCfg = Debug|Win32
		{C4405B73-A899-44BF-8681-04CE040B6705}.Release|Win32.ActiveCfg = Release|Win32
		{C4405B73-A899-44BF-8681-04CE040B6705}.Release|Win32.Build.0 = Release|Win32
		{C4405B73-A899-44BF-8681-04CE040B6705}.Release|x64.ActiveCfg = Release|Win32
		{0BD59600-E60F-414F-99F9-DBFE3DDA52F0}.Debug|Win32.ActiveCfg = Debug|Win32
		{0BD59600-E60F-414F-99F9-DBFE3DDA52F0}.Debug|Win32.Build.0 = Debug|Win32
		{0BD59600-E60F-414F-99F9-DBFE3DDA52F0}.Debug|x64.ActiveCfg = Debug|x64
		{0BD59600-E60F-414F-99F9-DBFE3DDA52F0}.Debug|x64.Build.0 = Debug|x64
		{0BD59600-E60F-414F-99F9-DBFE3DDA52F0}.Release|Win32.ActiveCfg = Release|Win32
		{0BD59600-E60F-414F-99F9-DBFE3DDA52F0}.Release|Win32.Build.0 = Release|Win32
		{0BD59600-E60F-414F-99F9-DBFE3DDA52F0}.Release|x64.ActiveCfg = Release|x64
		{0BD59600-E60F-414F-99F9-DBFE3DDA52F0}.Release|x64.Build.0 = Release|x64
	EndGlobalSection
	GlobalSection(SolutionProperties) = preSolution
		HideSolutionNode = FALSE
	EndGlobalSection
	GlobalSection(NestedProjects) = preSolution
		{C4405B73-A899-44BF-8681-04CE040B6705} = {47058B3A-D6BC-4720-9B89-B8B55AC0E16F}
	EndGlobalSection
EndGlobal
